{
  "version": "4",
  "specifiers": {
    "jsr:@std/assert@1.0.3": "1.0.3",
    "jsr:@std/encoding@1": "1.0.5",
    "jsr:@std/fs@1.0.4": "1.0.4",
    "jsr:@std/internal@^1.0.2": "1.0.4",
    "jsr:@std/path@1.0.6": "1.0.6",
    "jsr:@std/path@^1.0.6": "1.0.6",
    "jsr:@takker/md5@0.1.0": "0.1.0"
  },
  "jsr": {
    "@std/assert@1.0.3": {
      "integrity": "b0d03ce1ced880df67132eea140623010d415848df66f6aa5df76507ca7c26d8",
      "dependencies": [
        "jsr:@std/internal"
      ]
    },
    "@std/encoding@1.0.5": {
      "integrity": "ecf363d4fc25bd85bd915ff6733a7e79b67e0e7806334af15f4645c569fefc04"
    },
    "@std/fs@1.0.4": {
      "integrity": "2907d32d8d1d9e540588fd5fe0ec21ee638134bd51df327ad4e443aaef07123c",
      "dependencies": [
        "jsr:@std/path@^1.0.6"
      ]
    },
    "@std/internal@1.0.4": {
      "integrity": "62e8e4911527e5e4f307741a795c0b0a9e6958d0b3790716ae71ce085f755422"
    },
    "@std/path@1.0.6": {
      "integrity": "ab2c55f902b380cf28e0eec501b4906e4c1960d13f00e11cfbcd21de15f18fed"
    },
    "@takker/md5@0.1.0": {
      "integrity": "4c423d8247aadf7bcb1eb83c727bf28c05c21906e916517395d00aa157b6eae0"
    }
  },
  "remote": {
    "https://deno.land/std@0.138.0/bytes/bytes_list.ts": "67eb118e0b7891d2f389dad4add35856f4ad5faab46318ff99653456c23b025d",
    "https://deno.land/std@0.138.0/streams/delimiter.ts": "75595345f14eb268d2f5edfd20600c9956f61499a36697baabef8043897bc50b"
  },
  "workspace": {
    "packageJson": {
      "dependencies": [
        "npm:@changesets/cli@^2.27.9",
        "npm:@graphql-codegen/cli@4",
        "npm:@graphql-codegen/near-operation-file-preset@^2.4.1",
        "npm:@graphql-codegen/typescript-document-nodes@4",
        "npm:@graphql-codegen/typescript-operations@^2.5.3",
        "npm:@graphql-codegen/typescript@4",
        "npm:@octokit/graphql-schema@^11.1.0",
        "npm:@octokit/graphql@^4.8.0",
        "npm:@types/node@^22.7.4",
        "npm:typescript@^5.6.2"
      ]
    }
  }
}
